
Microsoft Visual Studio Solution File, Format Version 12.00
# Visual Studio Version 17
VisualStudioVersion = 17.9.34714.143
MinimumVisualStudioVersion = 10.0.40219.1
Project("{FAE04EC0-301F-11D3-BF4B-00C04F79EFBC}") = "MatrizesResolvido", "MatrizesResolvido\MatrizesResolvido.csproj", "{8C6DAFC1-0B8F-416E-BA07-7A40788C9ED4}"
EndProject
Global
	GlobalSection(SolutionConfigurationPlatforms) = preSolution
		Debug|Any CPU = Debug|Any CPU
		Release|Any CPU = Release|Any CPU
	EndGlobalSection
	GlobalSection(ProjectConfigurationPlatforms) = postSolution
		{8C6DAFC1-0B8F-416E-BA07-7A40788C9ED4}.Debug|Any CPU.ActiveCfg = Debug|Any CPU
		{8C6DAFC1-0B8F-416E-BA07-7A40788C9ED4}.Debug|Any CPU.Build.0 = Debug|Any CPU
		{8C6DAFC1-0B8F-416E-BA07-7A40788C9ED4}.Release|Any CPU.ActiveCfg = Release|Any CPU
		{8C6DAFC1-0B8F-416E-BA07-7A40788C9ED4}.Release|Any CPU.Build.0 = Release|Any CPU
	EndGlobalSection
	GlobalSection(SolutionProperties) = preSolution
		HideSolutionNode = FALSE
	EndGlobalSection
	GlobalSection(ExtensibilityGlobals) = postSolution
		SolutionGuid = {B46681C8-AFF2-409E-BB63-24E853DAE4ED}
	EndGlobalSection
EndGlobal
