
Microsoft Visual Studio Solution File, Format Version 12.00
# Visual Studio Version 17
VisualStudioVersion = 17.9.34714.143
MinimumVisualStudioVersion = 10.0.40219.1
Project("{FAE04EC0-301F-11D3-BF4B-00C04F79EFBC}") = "TesteNew", "TesteNew\TesteNew.csproj", "{FB2B87EF-0052-47E2-B69A-E12D1903EBAC}"
EndProject
Global
	GlobalSection(SolutionConfigurationPlatforms) = preSolution
		Debug|Any CPU = Debug|Any CPU
		Release|Any CPU = Release|Any CPU
	EndGlobalSection
	GlobalSection(ProjectConfigurationPlatforms) = postSolution
		{FB2B87EF-0052-47E2-B69A-E12D1903EBAC}.Debug|Any CPU.ActiveCfg = Debug|Any CPU
		{FB2B87EF-0052-47E2-B69A-E12D1903EBAC}.Debug|Any CPU.Build.0 = Debug|Any CPU
		{FB2B87EF-0052-47E2-B69A-E12D1903EBAC}.Release|Any CPU.ActiveCfg = Release|Any CPU
		{FB2B87EF-0052-47E2-B69A-E12D1903EBAC}.Release|Any CPU.Build.0 = Release|Any CPU
	EndGlobalSection
	GlobalSection(SolutionProperties) = preSolution
		HideSolutionNode = FALSE
	EndGlobalSection
	GlobalSection(ExtensibilityGlobals) = postSolution
		SolutionGuid = {AF43AE1B-FABF-4775-A4B1-4B7858B95AD0}
	EndGlobalSection
EndGlobal
