
Microsoft Visual Studio Solution File, Format Version 12.00
# Visual Studio Version 17
VisualStudioVersion = 17.9.34714.143
MinimumVisualStudioVersion = 10.0.40219.1
Project("{FAE04EC0-301F-11D3-BF4B-00C04F79EFBC}") = "FuncionariosDaNewCapacitacao", "FuncionariosDaNewCapacitacao\FuncionariosDaNewCapacitacao.csproj", "{31BDC779-E748-4949-981F-BAE51D629A0F}"
EndProject
Global
	GlobalSection(SolutionConfigurationPlatforms) = preSolution
		Debug|Any CPU = Debug|Any CPU
		Release|Any CPU = Release|Any CPU
	EndGlobalSection
	GlobalSection(ProjectConfigurationPlatforms) = postSolution
		{31BDC779-E748-4949-981F-BAE51D629A0F}.Debug|Any CPU.ActiveCfg = Debug|Any CPU
		{31BDC779-E748-4949-981F-BAE51D629A0F}.Debug|Any CPU.Build.0 = Debug|Any CPU
		{31BDC779-E748-4949-981F-BAE51D629A0F}.Release|Any CPU.ActiveCfg = Release|Any CPU
		{31BDC779-E748-4949-981F-BAE51D629A0F}.Release|Any CPU.Build.0 = Release|Any CPU
	EndGlobalSection
	GlobalSection(SolutionProperties) = preSolution
		HideSolutionNode = FALSE
	EndGlobalSection
	GlobalSection(ExtensibilityGlobals) = postSolution
		SolutionGuid = {748F368B-EA57-452B-AB24-69B63D894FA4}
	EndGlobalSection
EndGlobal
