
Microsoft Visual Studio Solution File, Format Version 12.00
# Visual Studio Version 17
VisualStudioVersion = 17.9.34714.143
MinimumVisualStudioVersion = 10.0.40219.1
Project("{FAE04EC0-301F-11D3-BF4B-00C04F79EFBC}") = "Retangulo", "Retangulo\Retangulo.csproj", "{049A6243-B35E-4EB6-976B-E6FC0FC24952}"
EndProject
Global
	GlobalSection(SolutionConfigurationPlatforms) = preSolution
		Debug|Any CPU = Debug|Any CPU
		Release|Any CPU = Release|Any CPU
	EndGlobalSection
	GlobalSection(ProjectConfigurationPlatforms) = postSolution
		{049A6243-B35E-4EB6-976B-E6FC0FC24952}.Debug|Any CPU.ActiveCfg = Debug|Any CPU
		{049A6243-B35E-4EB6-976B-E6FC0FC24952}.Debug|Any CPU.Build.0 = Debug|Any CPU
		{049A6243-B35E-4EB6-976B-E6FC0FC24952}.Release|Any CPU.ActiveCfg = Release|Any CPU
		{049A6243-B35E-4EB6-976B-E6FC0FC24952}.Release|Any CPU.Build.0 = Release|Any CPU
	EndGlobalSection
	GlobalSection(SolutionProperties) = preSolution
		HideSolutionNode = FALSE
	EndGlobalSection
	GlobalSection(ExtensibilityGlobals) = postSolution
		SolutionGuid = {F3A975BC-2410-4DD8-B3EF-DE7BF5CAC5D3}
	EndGlobalSection
EndGlobal
