
Microsoft Visual Studio Solution File, Format Version 12.00
# Visual Studio Version 17
VisualStudioVersion = 17.9.34714.143
MinimumVisualStudioVersion = 10.0.40219.1
Project("{FAE04EC0-301F-11D3-BF4B-00C04F79EFBC}") = "Paramans", "Paramans\Paramans.csproj", "{FD3E218E-E084-421A-BE93-A5EA99F38667}"
EndProject
Global
	GlobalSection(SolutionConfigurationPlatforms) = preSolution
		Debug|Any CPU = Debug|Any CPU
		Release|Any CPU = Release|Any CPU
	EndGlobalSection
	GlobalSection(ProjectConfigurationPlatforms) = postSolution
		{FD3E218E-E084-421A-BE93-A5EA99F38667}.Debug|Any CPU.ActiveCfg = Debug|Any CPU
		{FD3E218E-E084-421A-BE93-A5EA99F38667}.Debug|Any CPU.Build.0 = Debug|Any CPU
		{FD3E218E-E084-421A-BE93-A5EA99F38667}.Release|Any CPU.ActiveCfg = Release|Any CPU
		{FD3E218E-E084-421A-BE93-A5EA99F38667}.Release|Any CPU.Build.0 = Release|Any CPU
	EndGlobalSection
	GlobalSection(SolutionProperties) = preSolution
		HideSolutionNode = FALSE
	EndGlobalSection
	GlobalSection(ExtensibilityGlobals) = postSolution
		SolutionGuid = {E7C599ED-C5EB-46ED-8B3C-12BC1DEBD8E9}
	EndGlobalSection
EndGlobal
