
Microsoft Visual Studio Solution File, Format Version 12.00
# Visual Studio Version 17
VisualStudioVersion = 17.9.34714.143
MinimumVisualStudioVersion = 10.0.40219.1
Project("{FAE04EC0-301F-11D3-BF4B-00C04F79EFBC}") = "RevisaoDoisVetor", "RevisaoDoisVetor\RevisaoDoisVetor.csproj", "{F818281C-1B95-4065-A482-F0A9C554AEFE}"
EndProject
Global
	GlobalSection(SolutionConfigurationPlatforms) = preSolution
		Debug|Any CPU = Debug|Any CPU
		Release|Any CPU = Release|Any CPU
	EndGlobalSection
	GlobalSection(ProjectConfigurationPlatforms) = postSolution
		{F818281C-1B95-4065-A482-F0A9C554AEFE}.Debug|Any CPU.ActiveCfg = Debug|Any CPU
		{F818281C-1B95-4065-A482-F0A9C554AEFE}.Debug|Any CPU.Build.0 = Debug|Any CPU
		{F818281C-1B95-4065-A482-F0A9C554AEFE}.Release|Any CPU.ActiveCfg = Release|Any CPU
		{F818281C-1B95-4065-A482-F0A9C554AEFE}.Release|Any CPU.Build.0 = Release|Any CPU
	EndGlobalSection
	GlobalSection(SolutionProperties) = preSolution
		HideSolutionNode = FALSE
	EndGlobalSection
	GlobalSection(ExtensibilityGlobals) = postSolution
		SolutionGuid = {B28E0052-A92A-4804-A1EE-5B2B587EFBB0}
	EndGlobalSection
EndGlobal
