
Microsoft Visual Studio Solution File, Format Version 12.00
# Visual Studio Version 17
VisualStudioVersion = 17.9.34714.143
MinimumVisualStudioVersion = 10.0.40219.1
Project("{FAE04EC0-301F-11D3-BF4B-00C04F79EFBC}") = "MatrizesFixacao", "MatrizesFixacao\MatrizesFixacao.csproj", "{A313E620-3F6B-4A5C-819A-606492B4818E}"
EndProject
Global
	GlobalSection(SolutionConfigurationPlatforms) = preSolution
		Debug|Any CPU = Debug|Any CPU
		Release|Any CPU = Release|Any CPU
	EndGlobalSection
	GlobalSection(ProjectConfigurationPlatforms) = postSolution
		{A313E620-3F6B-4A5C-819A-606492B4818E}.Debug|Any CPU.ActiveCfg = Debug|Any CPU
		{A313E620-3F6B-4A5C-819A-606492B4818E}.Debug|Any CPU.Build.0 = Debug|Any CPU
		{A313E620-3F6B-4A5C-819A-606492B4818E}.Release|Any CPU.ActiveCfg = Release|Any CPU
		{A313E620-3F6B-4A5C-819A-606492B4818E}.Release|Any CPU.Build.0 = Release|Any CPU
	EndGlobalSection
	GlobalSection(SolutionProperties) = preSolution
		HideSolutionNode = FALSE
	EndGlobalSection
	GlobalSection(ExtensibilityGlobals) = postSolution
		SolutionGuid = {C23DFCFE-443A-4FE7-B25B-1269BA81212A}
	EndGlobalSection
EndGlobal
